
Microsoft Visual Studio Solution File, Format Version 12.00
# Visual Studio Version 17
VisualStudioVersion = 17.5.002.0
MinimumVisualStudioVersion = 10.0.40219.1
Project("{9A19103F-16F7-4668-BE54-9A1E7A4F7556}") = "Task1", "Task1\Task1.csproj", "{6A56FF0D-9F92-4035-89B7-D4C4BB4D3A59}"
EndProject
Project("{9A19103F-16F7-4668-BE54-9A1E7A4F7556}") = "Task2", "Task2\Task2.csproj", "{E144B186-4424-41CF-9D5A-AD2BADDB1B94}"
EndProject
Project("{9A19103F-16F7-4668-BE54-9A1E7A4F7556}") = "Task3", "Task3\Task3.csproj", "{D13F4F2D-0D08-460F-97FE-62B672E3AF61}"
EndProject
Global
	GlobalSection(SolutionConfigurationPlatforms) = preSolution
		Debug|Any CPU = Debug|Any CPU
		Release|Any CPU = Release|Any CPU
	EndGlobalSection
	GlobalSection(ProjectConfigurationPlatforms) = postSolution
		{6A56FF0D-9F92-4035-89B7-D4C4BB4D3A59}.Debug|Any CPU.ActiveCfg = Debug|Any CPU
		{6A56FF0D-9F92-4035-89B7-D4C4BB4D3A59}.Debug|Any CPU.Build.0 = Debug|Any CPU
		{6A56FF0D-9F92-4035-89B7-D4C4BB4D3A59}.Release|Any CPU.ActiveCfg = Release|Any CPU
		{6A56FF0D-9F92-4035-89B7-D4C4BB4D3A59}.Release|Any CPU.Build.0 = Release|Any CPU
		{E144B186-4424-41CF-9D5A-AD2BADDB1B94}.Debug|Any CPU.ActiveCfg = Debug|Any CPU
		{E144B186-4424-41CF-9D5A-AD2BADDB1B94}.Debug|Any CPU.Build.0 = Debug|Any CPU
		{E144B186-4424-41CF-9D5A-AD2BADDB1B94}.Release|Any CPU.ActiveCfg = Release|Any CPU
		{E144B186-4424-41CF-9D5A-AD2BADDB1B94}.Release|Any CPU.Build.0 = Release|Any CPU
		{D13F4F2D-0D08-460F-97FE-62B672E3AF61}.Debug|Any CPU.ActiveCfg = Debug|Any CPU
		{D13F4F2D-0D08-460F-97FE-62B672E3AF61}.Debug|Any CPU.Build.0 = Debug|Any CPU
		{D13F4F2D-0D08-460F-97FE-62B672E3AF61}.Release|Any CPU.ActiveCfg = Release|Any CPU
		{D13F4F2D-0D08-460F-97FE-62B672E3AF61}.Release|Any CPU.Build.0 = Release|Any CPU
	EndGlobalSection
	GlobalSection(SolutionProperties) = preSolution
		HideSolutionNode = FALSE
	EndGlobalSection
	GlobalSection(ExtensibilityGlobals) = postSolution
		SolutionGuid = {C6612556-8C29-413F-8218-BD5EFCCC1AFD}
	EndGlobalSection
EndGlobal
